
Microsoft Visual Studio Solution File, Format Version 12.00
# Visual Studio Version 17
VisualStudioVersion = 17.14.36616.10 d17.14
MinimumVisualStudioVersion = 10.0.40219.1
Project("{FAE04EC0-301F-11D3-BF4B-00C04F79EFBC}") = "AeroHubAPI", "AeroHubAPI.csproj", "{0E09016A-620A-41A1-BC72-5DA04FCD976C}"
EndProject
Global
	GlobalSection(SolutionConfigurationPlatforms) = preSolution
		Debug|Any CPU = Debug|Any CPU
		Release|Any CPU = Release|Any CPU
	EndGlobalSection
	GlobalSection(ProjectConfigurationPlatforms) = postSolution
		{0E09016A-620A-41A1-BC72-5DA04FCD976C}.Debug|Any CPU.ActiveCfg = Debug|Any CPU
		{0E09016A-620A-41A1-BC72-5DA04FCD976C}.Debug|Any CPU.Build.0 = Debug|Any CPU
		{0E09016A-620A-41A1-BC72-5DA04FCD976C}.Release|Any CPU.ActiveCfg = Release|Any CPU
		{0E09016A-620A-41A1-BC72-5DA04FCD976C}.Release|Any CPU.Build.0 = Release|Any CPU
	EndGlobalSection
	GlobalSection(SolutionProperties) = preSolution
		HideSolutionNode = FALSE
	EndGlobalSection
	GlobalSection(ExtensibilityGlobals) = postSolution
		SolutionGuid = {60FBBF3D-C2A7-4A25-9C0B-5DFF6CD626A2}
	EndGlobalSection
EndGlobal
